
Microsoft Visual Studio Solution File, Format Version 12.00
# Visual Studio Version 17
VisualStudioVersion = 17.5.002.0
MinimumVisualStudioVersion = 10.0.40219.1
Project("{9A19103F-16F7-4668-BE54-9A1E7A4F7556}") = "api", "api\api.csproj", "{C0D2098F-002B-4828-9255-9DB429FD7FAF}"
EndProject
Global
	GlobalSection(SolutionConfigurationPlatforms) = preSolution
		Debug|Any CPU = Debug|Any CPU
		Release|Any CPU = Release|Any CPU
	EndGlobalSection
	GlobalSection(ProjectConfigurationPlatforms) = postSolution
		{C0D2098F-002B-4828-9255-9DB429FD7FAF}.Debug|Any CPU.ActiveCfg = Debug|Any CPU
		{C0D2098F-002B-4828-9255-9DB429FD7FAF}.Debug|Any CPU.Build.0 = Debug|Any CPU
		{C0D2098F-002B-4828-9255-9DB429FD7FAF}.Release|Any CPU.ActiveCfg = Release|Any CPU
		{C0D2098F-002B-4828-9255-9DB429FD7FAF}.Release|Any CPU.Build.0 = Release|Any CPU
	EndGlobalSection
	GlobalSection(SolutionProperties) = preSolution
		HideSolutionNode = FALSE
	EndGlobalSection
	GlobalSection(ExtensibilityGlobals) = postSolution
		SolutionGuid = {DE67C960-F271-4919-8F8C-3008D3332ED1}
	EndGlobalSection
EndGlobal
